
Microsoft Visual Studio Solution File, Format Version 12.00
# Visual Studio Version 17
VisualStudioVersion = 17.0.31717.71
MinimumVisualStudioVersion = 15.0.26124.0
Project("{2150E333-8FDC-42A3-9474-1A3956D46DE8}") = "Solution Items", "Solution Items", "{29C81B48-7ADA-4C89-B454-45B623039C09}"
	ProjectSection(SolutionItems) = preProject
		..\.editorconfig = ..\.editorconfig
	EndProjectSection
EndProject
Project("{FAE04EC0-301F-11D3-BF4B-00C04F79EFBC}") = "ForwardAlgebraic.RealWorld", "ForwardAlgebraic.RealWorld\ForwardAlgebraic.RealWorld.csproj", "{F4D9B175-F430-4AA0-B1BD-0CACC28278A4}"
EndProject
Project("{FAE04EC0-301F-11D3-BF4B-00C04F79EFBC}") = "ForwardAlgebraic.RealWorld.Abstractions", "ForwardAlgebraic.RealWorld.Abstractions\ForwardAlgebraic.RealWorld.Abstractions.csproj", "{185FC457-85D5-47BC-BFE7-B90306703E22}"
EndProject
Project("{FAE04EC0-301F-11D3-BF4B-00C04F79EFBC}") = "ForwardAlgebraic.RealWorld.Time", "ForwardAlgebraic.RealWorld.Time\ForwardAlgebraic.RealWorld.Time.csproj", "{1941430E-8286-459D-93AB-259079DE161B}"
EndProject
Project("{FAE04EC0-301F-11D3-BF4B-00C04F79EFBC}") = "ForwardAlgebraic.RealWorld.Time.Tests", "ForwardAlgebraic.RealWorld.Time.Tests\ForwardAlgebraic.RealWorld.Time.Tests.csproj", "{482EF239-709D-4B86-9FF1-A4218425B576}"
EndProject
Global
	GlobalSection(SolutionConfigurationPlatforms) = preSolution
		Debug|Any CPU = Debug|Any CPU
		Release|Any CPU = Release|Any CPU
	EndGlobalSection
	GlobalSection(ProjectConfigurationPlatforms) = postSolution
		{F4D9B175-F430-4AA0-B1BD-0CACC28278A4}.Debug|Any CPU.ActiveCfg = Debug|Any CPU
		{F4D9B175-F430-4AA0-B1BD-0CACC28278A4}.Debug|Any CPU.Build.0 = Debug|Any CPU
		{F4D9B175-F430-4AA0-B1BD-0CACC28278A4}.Release|Any CPU.ActiveCfg = Release|Any CPU
		{F4D9B175-F430-4AA0-B1BD-0CACC28278A4}.Release|Any CPU.Build.0 = Release|Any CPU
		{185FC457-85D5-47BC-BFE7-B90306703E22}.Debug|Any CPU.ActiveCfg = Debug|Any CPU
		{185FC457-85D5-47BC-BFE7-B90306703E22}.Debug|Any CPU.Build.0 = Debug|Any CPU
		{185FC457-85D5-47BC-BFE7-B90306703E22}.Release|Any CPU.ActiveCfg = Release|Any CPU
		{185FC457-85D5-47BC-BFE7-B90306703E22}.Release|Any CPU.Build.0 = Release|Any CPU
		{1941430E-8286-459D-93AB-259079DE161B}.Debug|Any CPU.ActiveCfg = Debug|Any CPU
		{1941430E-8286-459D-93AB-259079DE161B}.Debug|Any CPU.Build.0 = Debug|Any CPU
		{1941430E-8286-459D-93AB-259079DE161B}.Release|Any CPU.ActiveCfg = Release|Any CPU
		{1941430E-8286-459D-93AB-259079DE161B}.Release|Any CPU.Build.0 = Release|Any CPU
		{482EF239-709D-4B86-9FF1-A4218425B576}.Debug|Any CPU.ActiveCfg = Debug|Any CPU
		{482EF239-709D-4B86-9FF1-A4218425B576}.Debug|Any CPU.Build.0 = Debug|Any CPU
		{482EF239-709D-4B86-9FF1-A4218425B576}.Release|Any CPU.ActiveCfg = Release|Any CPU
		{482EF239-709D-4B86-9FF1-A4218425B576}.Release|Any CPU.Build.0 = Release|Any CPU
	EndGlobalSection
	GlobalSection(SolutionProperties) = preSolution
		HideSolutionNode = FALSE
	EndGlobalSection
	GlobalSection(ExtensibilityGlobals) = postSolution
		SolutionGuid = {EBF86A4A-E639-4F62-AAEE-EAD045707B45}
	EndGlobalSection
EndGlobal
